// !$*UTF8*$!
{
	archiveVersion = 1;
	classes = {
	};
	objectVersion = 50;
	objects = {

/* Begin PBXBuildFile section */
		BF8EDE6521EDBEB1007EAB28 /* AppDelegate.swift in Sources */ = {isa = PBXBuildFile; fileRef = BF8EDE6421EDBEB1007EAB28 /* AppDelegate.swift */; };
		BF8EDE6A21EDBEB1007EAB28 /* Main.storyboard in Resources */ = {isa = PBXBuildFile; fileRef = BF8EDE6821EDBEB1007EAB28 /* Main.storyboard */; };
		BF8EDE6C21EDBEB2007EAB28 /* Assets.xcassets in Resources */ = {isa = PBXBuildFile; fileRef = BF8EDE6B21EDBEB2007EAB28 /* Assets.xcassets */; };
		BF8EDE6F21EDBEB2007EAB28 /* LaunchScreen.storyboard in Resources */ = {isa = PBXBuildFile; fileRef = BF8EDE6D21EDBEB2007EAB28 /* LaunchScreen.storyboard */; };
		BF8EDE9521EDBEEA007EAB28 /* ArticleListTableViewController.swift in Sources */ = {isa = PBXBuildFile; fileRef = BF8EDE9421EDBEEA007EAB28 /* ArticleListTableViewController.swift */; };
		BF8EDE9721EDC3C0007EAB28 /* URLSession+Extension.swift in Sources */ = {isa = PBXBuildFile; fileRef = BF8EDE9621EDC3C0007EAB28 /* URLSession+Extension.swift */; };
		BF8EDE9921EDC77F007EAB28 /* Article.swift in Sources */ = {isa = PBXBuildFile; fileRef = BF8EDE9821EDC77F007EAB28 /* Article.swift */; };
		BF8EDE9B21EDC905007EAB28 /* ArticleLoader.swift in Sources */ = {isa = PBXBuildFile; fileRef = BF8EDE9A21EDC905007EAB28 /* ArticleLoader.swift */; };
		BF8EDE9E21EDCD2A007EAB28 /* ArticleTableViewCell.swift in Sources */ = {isa = PBXBuildFile; fileRef = BF8EDE9C21EDCD2A007EAB28 /* ArticleTableViewCell.swift */; };
		BF8EDE9F21EDCD2A007EAB28 /* ArticleTableViewCell.xib in Resources */ = {isa = PBXBuildFile; fileRef = BF8EDE9D21EDCD2A007EAB28 /* ArticleTableViewCell.xib */; };
		E8666F4F21F9E40200DCCEB3 /* Router.swift in Sources */ = {isa = PBXBuildFile; fileRef = E8666F4E21F9E40200DCCEB3 /* Router.swift */; };
		E8666F5121F9ED4600DCCEB3 /* DateFormatterHelper.swift in Sources */ = {isa = PBXBuildFile; fileRef = E8666F5021F9ED4600DCCEB3 /* DateFormatterHelper.swift */; };
		E8666F5321F9F87B00DCCEB3 /* ArticleLoaderTests.swift in Sources */ = {isa = PBXBuildFile; fileRef = E8666F5221F9F87B00DCCEB3 /* ArticleLoaderTests.swift */; };
		E8666F5521FA00E800DCCEB3 /* ABCEngineeringTests.swift in Sources */ = {isa = PBXBuildFile; fileRef = E8666F5421FA00E800DCCEB3 /* ABCEngineeringTests.swift */; };
		E8666F5721FA00FB00DCCEB3 /* ABCEngineeringUITests.swift in Sources */ = {isa = PBXBuildFile; fileRef = E8666F5621FA00FB00DCCEB3 /* ABCEngineeringUITests.swift */; };
/* End PBXBuildFile section */

/* Begin PBXContainerItemProxy section */
		BF8EDE7621EDBEB2007EAB28 /* PBXContainerItemProxy */ = {
			isa = PBXContainerItemProxy;
			containerPortal = BF8EDE5921EDBEB1007EAB28 /* Project object */;
			proxyType = 1;
			remoteGlobalIDString = BF8EDE6021EDBEB1007EAB28;
			remoteInfo = ABCEngineering;
		};
		BF8EDE8121EDBEB2007EAB28 /* PBXContainerItemProxy */ = {
			isa = PBXContainerItemProxy;
			containerPortal = BF8EDE5921EDBEB1007EAB28 /* Project object */;
			proxyType = 1;
			remoteGlobalIDString = BF8EDE6021EDBEB1007EAB28;
			remoteInfo = ABCEngineering;
		};
/* End PBXContainerItemProxy section */

/* Begin PBXFileReference section */
		BF8EDE6121EDBEB1007EAB28 /* ABCEngineering.app */ = {isa = PBXFileReference; explicitFileType = wrapper.application; includeInIndex = 0; path = ABCEngineering.app; sourceTree = BUILT_PRODUCTS_DIR; };
		BF8EDE6421EDBEB1007EAB28 /* AppDelegate.swift */ = {isa = PBXFileReference; lastKnownFileType = sourcecode.swift; path = AppDelegate.swift; sourceTree = "<group>"; };
		BF8EDE6921EDBEB1007EAB28 /* Base */ = {isa = PBXFileReference; lastKnownFileType = file.storyboard; name = Base; path = Base.lproj/Main.storyboard; sourceTree = "<group>"; };
		BF8EDE6B21EDBEB2007EAB28 /* Assets.xcassets */ = {isa = PBXFileReference; lastKnownFileType = folder.assetcatalog; path = Assets.xcassets; sourceTree = "<group>"; };
		BF8EDE6E21EDBEB2007EAB28 /* Base */ = {isa = PBXFileReference; lastKnownFileType = file.storyboard; name = Base; path = Base.lproj/LaunchScreen.storyboard; sourceTree = "<group>"; };
		BF8EDE7021EDBEB2007EAB28 /* Info.plist */ = {isa = PBXFileReference; lastKnownFileType = text.plist.xml; path = Info.plist; sourceTree = "<group>"; };
		BF8EDE7521EDBEB2007EAB28 /* ABCEngineeringTests.xctest */ = {isa = PBXFileReference; explicitFileType = wrapper.cfbundle; includeInIndex = 0; path = ABCEngineeringTests.xctest; sourceTree = BUILT_PRODUCTS_DIR; };
		BF8EDE7B21EDBEB2007EAB28 /* Info.plist */ = {isa = PBXFileReference; lastKnownFileType = text.plist.xml; path = Info.plist; sourceTree = "<group>"; };
		BF8EDE8021EDBEB2007EAB28 /* ABCEngineeringUITests.xctest */ = {isa = PBXFileReference; explicitFileType = wrapper.cfbundle; includeInIndex = 0; path = ABCEngineeringUITests.xctest; sourceTree = BUILT_PRODUCTS_DIR; };
		BF8EDE8621EDBEB2007EAB28 /* Info.plist */ = {isa = PBXFileReference; lastKnownFileType = text.plist.xml; path = Info.plist; sourceTree = "<group>"; };
		BF8EDE9421EDBEEA007EAB28 /* ArticleListTableViewController.swift */ = {isa = PBXFileReference; lastKnownFileType = sourcecode.swift; path = ArticleListTableViewController.swift; sourceTree = "<group>"; };
		BF8EDE9621EDC3C0007EAB28 /* URLSession+Extension.swift */ = {isa = PBXFileReference; lastKnownFileType = sourcecode.swift; path = "URLSession+Extension.swift"; sourceTree = "<group>"; };
		BF8EDE9821EDC77F007EAB28 /* Article.swift */ = {isa = PBXFileReference; lastKnownFileType = sourcecode.swift; path = Article.swift; sourceTree = "<group>"; };
		BF8EDE9A21EDC905007EAB28 /* ArticleLoader.swift */ = {isa = PBXFileReference; lastKnownFileType = sourcecode.swift; path = ArticleLoader.swift; sourceTree = "<group>"; };
		BF8EDE9C21EDCD2A007EAB28 /* ArticleTableViewCell.swift */ = {isa = PBXFileReference; lastKnownFileType = sourcecode.swift; path = ArticleTableViewCell.swift; sourceTree = "<group>"; };
		BF8EDE9D21EDCD2A007EAB28 /* ArticleTableViewCell.xib */ = {isa = PBXFileReference; lastKnownFileType = file.xib; path = ArticleTableViewCell.xib; sourceTree = "<group>"; };
		E8666F4E21F9E40200DCCEB3 /* Router.swift */ = {isa = PBXFileReference; lastKnownFileType = sourcecode.swift; path = Router.swift; sourceTree = "<group>"; };
		E8666F5021F9ED4600DCCEB3 /* DateFormatterHelper.swift */ = {isa = PBXFileReference; lastKnownFileType = sourcecode.swift; path = DateFormatterHelper.swift; sourceTree = "<group>"; };
		E8666F5221F9F87B00DCCEB3 /* ArticleLoaderTests.swift */ = {isa = PBXFileReference; lastKnownFileType = sourcecode.swift; path = ArticleLoaderTests.swift; sourceTree = "<group>"; };
		E8666F5421FA00E800DCCEB3 /* ABCEngineeringTests.swift */ = {isa = PBXFileReference; fileEncoding = 4; lastKnownFileType = sourcecode.swift; path = ABCEngineeringTests.swift; sourceTree = "<group>"; };
		E8666F5621FA00FB00DCCEB3 /* ABCEngineeringUITests.swift */ = {isa = PBXFileReference; fileEncoding = 4; lastKnownFileType = sourcecode.swift; path = ABCEngineeringUITests.swift; sourceTree = "<group>"; };
/* End PBXFileReference section */

/* Begin PBXFrameworksBuildPhase section */
		BF8EDE5E21EDBEB1007EAB28 /* Frameworks */ = {
			isa = PBXFrameworksBuildPhase;
			buildActionMask = 2147483647;
			files = (
			);
			runOnlyForDeploymentPostprocessing = 0;
		};
		BF8EDE7221EDBEB2007EAB28 /* Frameworks */ = {
			isa = PBXFrameworksBuildPhase;
			buildActionMask = 2147483647;
			files = (
			);
			runOnlyForDeploymentPostprocessing = 0;
		};
		BF8EDE7D21EDBEB2007EAB28 /* Frameworks */ = {
			isa = PBXFrameworksBuildPhase;
			buildActionMask = 2147483647;
			files = (
			);
			runOnlyForDeploymentPostprocessing = 0;
		};
/* End PBXFrameworksBuildPhase section */

/* Begin PBXGroup section */
		BF8EDE5821EDBEB1007EAB28 = {
			isa = PBXGroup;
			children = (
				BF8EDE6321EDBEB1007EAB28 /* ABCEngineering */,
				BF8EDE7821EDBEB2007EAB28 /* ABCEngineeringTests */,
				BF8EDE8321EDBEB2007EAB28 /* ABCEngineeringUITests */,
				BF8EDE6221EDBEB1007EAB28 /* Products */,
			);
			sourceTree = "<group>";
		};
		BF8EDE6221EDBEB1007EAB28 /* Products */ = {
			isa = PBXGroup;
			children = (
				BF8EDE6121EDBEB1007EAB28 /* ABCEngineering.app */,
				BF8EDE7521EDBEB2007EAB28 /* ABCEngineeringTests.xctest */,
				BF8EDE8021EDBEB2007EAB28 /* ABCEngineeringUITests.xctest */,
			);
			name = Products;
			sourceTree = "<group>";
		};
		BF8EDE6321EDBEB1007EAB28 /* ABCEngineering */ = {
			isa = PBXGroup;
			children = (
				BF8EDE6421EDBEB1007EAB28 /* AppDelegate.swift */,
				BF8EDE9421EDBEEA007EAB28 /* ArticleListTableViewController.swift */,
				BF8EDE6821EDBEB1007EAB28 /* Main.storyboard */,
				BF8EDE6B21EDBEB2007EAB28 /* Assets.xcassets */,
				BF8EDE6D21EDBEB2007EAB28 /* LaunchScreen.storyboard */,
				BF8EDE7021EDBEB2007EAB28 /* Info.plist */,
				BF8EDE9621EDC3C0007EAB28 /* URLSession+Extension.swift */,
				BF8EDE9821EDC77F007EAB28 /* Article.swift */,
				BF8EDE9A21EDC905007EAB28 /* ArticleLoader.swift */,
				BF8EDE9C21EDCD2A007EAB28 /* ArticleTableViewCell.swift */,
				E8666F4E21F9E40200DCCEB3 /* Router.swift */,
				E8666F5021F9ED4600DCCEB3 /* DateFormatterHelper.swift */,
				BF8EDE9D21EDCD2A007EAB28 /* ArticleTableViewCell.xib */,
			);
			path = ABCEngineering;
			sourceTree = "<group>";
		};
		BF8EDE7821EDBEB2007EAB28 /* ABCEngineeringTests */ = {
			isa = PBXGroup;
			children = (
				E8666F5421FA00E800DCCEB3 /* ABCEngineeringTests.swift */,
				E8666F5221F9F87B00DCCEB3 /* ArticleLoaderTests.swift */,
				BF8EDE7B21EDBEB2007EAB28 /* Info.plist */,
			);
			path = ABCEngineeringTests;
			sourceTree = "<group>";
		};
		BF8EDE8321EDBEB2007EAB28 /* ABCEngineeringUITests */ = {
			isa = PBXGroup;
			children = (
				E8666F5621FA00FB00DCCEB3 /* ABCEngineeringUITests.swift */,
				BF8EDE8621EDBEB2007EAB28 /* Info.plist */,
			);
			path = ABCEngineeringUITests;
			sourceTree = "<group>";
		};
/* End PBXGroup section */

/* Begin PBXNativeTarget section */
		BF8EDE6021EDBEB1007EAB28 /* ABCEngineering */ = {
			isa = PBXNativeTarget;
			buildConfigurationList = BF8EDE8921EDBEB2007EAB28 /* Build configuration list for PBXNativeTarget "ABCEngineering" */;
			buildPhases = (
				BF8EDE5D21EDBEB1007EAB28 /* Sources */,
				BF8EDE5E21EDBEB1007EAB28 /* Frameworks */,
				BF8EDE5F21EDBEB1007EAB28 /* Resources */,
			);
			buildRules = (
			);
			dependencies = (
			);
			name = ABCEngineering;
			productName = ABCEngineering;
			productReference = BF8EDE6121EDBEB1007EAB28 /* ABCEngineering.app */;
			productType = "com.apple.product-type.application";
		};
		BF8EDE7421EDBEB2007EAB28 /* ABCEngineeringTests */ = {
			isa = PBXNativeTarget;
			buildConfigurationList = BF8EDE8C21EDBEB2007EAB28 /* Build configuration list for PBXNativeTarget "ABCEngineeringTests" */;
			buildPhases = (
				BF8EDE7121EDBEB2007EAB28 /* Sources */,
				BF8EDE7221EDBEB2007EAB28 /* Frameworks */,
				BF8EDE7321EDBEB2007EAB28 /* Resources */,
			);
			buildRules = (
			);
			dependencies = (
				BF8EDE7721EDBEB2007EAB28 /* PBXTargetDependency */,
			);
			name = ABCEngineeringTests;
			productName = ABCEngineeringTests;
			productReference = BF8EDE7521EDBEB2007EAB28 /* ABCEngineeringTests.xctest */;
			productType = "com.apple.product-type.bundle.unit-test";
		};
		BF8EDE7F21EDBEB2007EAB28 /* ABCEngineeringUITests */ = {
			isa = PBXNativeTarget;
			buildConfigurationList = BF8EDE8F21EDBEB2007EAB28 /* Build configuration list for PBXNativeTarget "ABCEngineeringUITests" */;
			buildPhases = (
				BF8EDE7C21EDBEB2007EAB28 /* Sources */,
				BF8EDE7D21EDBEB2007EAB28 /* Frameworks */,
				BF8EDE7E21EDBEB2007EAB28 /* Resources */,
			);
			buildRules = (
			);
			dependencies = (
				BF8EDE8221EDBEB2007EAB28 /* PBXTargetDependency */,
			);
			name = ABCEngineeringUITests;
			productName = ABCEngineeringUITests;
			productReference = BF8EDE8021EDBEB2007EAB28 /* ABCEngineeringUITests.xctest */;
			productType = "com.apple.product-type.bundle.ui-testing";
		};
/* End PBXNativeTarget section */

/* Begin PBXProject section */
		BF8EDE5921EDBEB1007EAB28 /* Project object */ = {
			isa = PBXProject;
			attributes = {
				LastSwiftUpdateCheck = 1010;
				LastUpgradeCheck = 1010;
				ORGANIZATIONNAME = "Australian Broadcasting Corporation";
				TargetAttributes = {
					BF8EDE6021EDBEB1007EAB28 = {
						CreatedOnToolsVersion = 10.1;
					};
					BF8EDE7421EDBEB2007EAB28 = {
						CreatedOnToolsVersion = 10.1;
						TestTargetID = BF8EDE6021EDBEB1007EAB28;
					};
					BF8EDE7F21EDBEB2007EAB28 = {
						CreatedOnToolsVersion = 10.1;
						LastSwiftMigration = 1010;
						TestTargetID = BF8EDE6021EDBEB1007EAB28;
					};
				};
			};
			buildConfigurationList = BF8EDE5C21EDBEB1007EAB28 /* Build configuration list for PBXProject "ABCEngineering" */;
			compatibilityVersion = "Xcode 9.3";
			developmentRegion = en;
			hasScannedForEncodings = 0;
			knownRegions = (
				en,
				Base,
			);
			mainGroup = BF8EDE5821EDBEB1007EAB28;
			productRefGroup = BF8EDE6221EDBEB1007EAB28 /* Products */;
			projectDirPath = "";
			projectRoot = "";
			targets = (
				BF8EDE6021EDBEB1007EAB28 /* ABCEngineering */,
				BF8EDE7421EDBEB2007EAB28 /* ABCEngineeringTests */,
				BF8EDE7F21EDBEB2007EAB28 /* ABCEngineeringUITests */,
			);
		};
/* End PBXProject section */

/* Begin PBXResourcesBuildPhase section */
		BF8EDE5F21EDBEB1007EAB28 /* Resources */ = {
			isa = PBXResourcesBuildPhase;
			buildActionMask = 2147483647;
			files = (
				BF8EDE9F21EDCD2A007EAB28 /* ArticleTableViewCell.xib in Resources */,
				BF8EDE6F21EDBEB2007EAB28 /* LaunchScreen.storyboard in Resources */,
				BF8EDE6C21EDBEB2007EAB28 /* Assets.xcassets in Resources */,
				BF8EDE6A21EDBEB1007EAB28 /* Main.storyboard in Resources */,
			);
			runOnlyForDeploymentPostprocessing = 0;
		};
		BF8EDE7321EDBEB2007EAB28 /* Resources */ = {
			isa = PBXResourcesBuildPhase;
			buildActionMask = 2147483647;
			files = (
			);
			runOnlyForDeploymentPostprocessing = 0;
		};
		BF8EDE7E21EDBEB2007EAB28 /* Resources */ = {
			isa = PBXResourcesBuildPhase;
			buildActionMask = 2147483647;
			files = (
			);
			runOnlyForDeploymentPostprocessing = 0;
		};
/* End PBXResourcesBuildPhase section */

/* Begin PBXSourcesBuildPhase section */
		BF8EDE5D21EDBEB1007EAB28 /* Sources */ = {
			isa = PBXSourcesBuildPhase;
			buildActionMask = 2147483647;
			files = (
				BF8EDE9921EDC77F007EAB28 /* Article.swift in Sources */,
				BF8EDE9521EDBEEA007EAB28 /* ArticleListTableViewController.swift in Sources */,
				BF8EDE6521EDBEB1007EAB28 /* AppDelegate.swift in Sources */,
				E8666F4F21F9E40200DCCEB3 /* Router.swift in Sources */,
				BF8EDE9721EDC3C0007EAB28 /* URLSession+Extension.swift in Sources */,
				BF8EDE9E21EDCD2A007EAB28 /* ArticleTableViewCell.swift in Sources */,
				E8666F5121F9ED4600DCCEB3 /* DateFormatterHelper.swift in Sources */,
				BF8EDE9B21EDC905007EAB28 /* ArticleLoader.swift in Sources */,
			);
			runOnlyForDeploymentPostprocessing = 0;
		};
		BF8EDE7121EDBEB2007EAB28 /* Sources */ = {
			isa = PBXSourcesBuildPhase;
			buildActionMask = 2147483647;
			files = (
				E8666F5521FA00E800DCCEB3 /* ABCEngineeringTests.swift in Sources */,
				E8666F5321F9F87B00DCCEB3 /* ArticleLoaderTests.swift in Sources */,
			);
			runOnlyForDeploymentPostprocessing = 0;
		};
		BF8EDE7C21EDBEB2007EAB28 /* Sources */ = {
			isa = PBXSourcesBuildPhase;
			buildActionMask = 2147483647;
			files = (
				E8666F5721FA00FB00DCCEB3 /* ABCEngineeringUITests.swift in Sources */,
			);
			runOnlyForDeploymentPostprocessing = 0;
		};
/* End PBXSourcesBuildPhase section */

/* Begin PBXTargetDependency section */
		BF8EDE7721EDBEB2007EAB28 /* PBXTargetDependency */ = {
			isa = PBXTargetDependency;
			target = BF8EDE6021EDBEB1007EAB28 /* ABCEngineering */;
			targetProxy = BF8EDE7621EDBEB2007EAB28 /* PBXContainerItemProxy */;
		};
		BF8EDE8221EDBEB2007EAB28 /* PBXTargetDependency */ = {
			isa = PBXTargetDependency;
			target = BF8EDE6021EDBEB1007EAB28 /* ABCEngineering */;
			targetProxy = BF8EDE8121EDBEB2007EAB28 /* PBXContainerItemProxy */;
		};
/* End PBXTargetDependency section */

/* Begin PBXVariantGroup section */
		BF8EDE6821EDBEB1007EAB28 /* Main.storyboard */ = {
			isa = PBXVariantGroup;
			children = (
				BF8EDE6921EDBEB1007EAB28 /* Base */,
			);
			name = Main.storyboard;
			sourceTree = "<group>";
		};
		BF8EDE6D21EDBEB2007EAB28 /* LaunchScreen.storyboard */ = {
			isa = PBXVariantGroup;
			children = (
				BF8EDE6E21EDBEB2007EAB28 /* Base */,
			);
			name = LaunchScreen.storyboard;
			sourceTree = "<group>";
		};
/* End PBXVariantGroup section */

/* Begin XCBuildConfiguration section */
		BF8EDE8721EDBEB2007EAB28 /* Debug */ = {
			isa = XCBuildConfiguration;
			buildSettings = {
				ALWAYS_SEARCH_USER_PATHS = NO;
				CLANG_ANALYZER_NONNULL = YES;
				CLANG_ANALYZER_NUMBER_OBJECT_CONVERSION = YES_AGGRESSIVE;
				CLANG_CXX_LANGUAGE_STANDARD = "gnu++14";
				CLANG_CXX_LIBRARY = "libc++";
				CLANG_ENABLE_MODULES = YES;
				CLANG_ENABLE_OBJC_ARC = YES;
				CLANG_ENABLE_OBJC_WEAK = YES;
				CLANG_WARN_BLOCK_CAPTURE_AUTORELEASING = YES;
				CLANG_WARN_BOOL_CONVERSION = YES;
				CLANG_WARN_COMMA = YES;
				CLANG_WARN_CONSTANT_CONVERSION = YES;
				CLANG_WARN_DEPRECATED_OBJC_IMPLEMENTATIONS = YES;
				CLANG_WARN_DIRECT_OBJC_ISA_USAGE = YES_ERROR;
				CLANG_WARN_DOCUMENTATION_COMMENTS = YES;
				CLANG_WARN_EMPTY_BODY = YES;
				CLANG_WARN_ENUM_CONVERSION = YES;
				CLANG_WARN_INFINITE_RECURSION = YES;
				CLANG_WARN_INT_CONVERSION = YES;
				CLANG_WARN_NON_LITERAL_NULL_CONVERSION = YES;
				CLANG_WARN_OBJC_IMPLICIT_RETAIN_SELF = YES;
				CLANG_WARN_OBJC_LITERAL_CONVERSION = YES;
				CLANG_WARN_OBJC_ROOT_CLASS = YES_ERROR;
				CLANG_WARN_RANGE_LOOP_ANALYSIS = YES;
				CLANG_WARN_STRICT_PROTOTYPES = YES;
				CLANG_WARN_SUSPICIOUS_MOVE = YES;
				CLANG_WARN_UNGUARDED_AVAILABILITY = YES_AGGRESSIVE;
				CLANG_WARN_UNREACHABLE_CODE = YES;
				CLANG_WARN__DUPLICATE_METHOD_MATCH = YES;
				CODE_SIGN_IDENTITY = "iPhone Developer";
				COPY_PHASE_STRIP = NO;
				DEBUG_INFORMATION_FORMAT = dwarf;
				ENABLE_STRICT_OBJC_MSGSEND = YES;
				ENABLE_TESTABILITY = YES;
				GCC_C_LANGUAGE_STANDARD = gnu11;
				GCC_DYNAMIC_NO_PIC = NO;
				GCC_NO_COMMON_BLOCKS = YES;
				GCC_OPTIMIZATION_LEVEL = 0;
				GCC_PREPROCESSOR_DEFINITIONS = (
					"DEBUG=1",
					"$(inherited)",
				);
				GCC_WARN_64_TO_32_BIT_CONVERSION = YES;
				GCC_WARN_ABOUT_RETURN_TYPE = YES_ERROR;
				GCC_WARN_UNDECLARED_SELECTOR = YES;
				GCC_WARN_UNINITIALIZED_AUTOS = YES_AGGRESSIVE;
				GCC_WARN_UNUSED_FUNCTION = YES;
				GCC_WARN_UNUSED_VARIABLE = YES;
				IPHONEOS_DEPLOYMENT_TARGET = 12.1;
				MTL_ENABLE_DEBUG_INFO = INCLUDE_SOURCE;
				MTL_FAST_MATH = YES;
				ONLY_ACTIVE_ARCH = YES;
				SDKROOT = iphoneos;
				SWIFT_ACTIVE_COMPILATION_CONDITIONS = DEBUG;
				SWIFT_OPTIMIZATION_LEVEL = "-Onone";
			};
			name = Debug;
		};
		BF8EDE8821EDBEB2007EAB28 /* Release */ = {
			isa = XCBuildConfiguration;
			buildSettings = {
				ALWAYS_SEARCH_USER_PATHS = NO;
				CLANG_ANALYZER_NONNULL = YES;
				CLANG_ANALYZER_NUMBER_OBJECT_CONVERSION = YES_AGGRESSIVE;
				CLANG_CXX_LANGUAGE_STANDARD = "gnu++14";
				CLANG_CXX_LIBRARY = "libc++";
				CLANG_ENABLE_MODULES = YES;
				CLANG_ENABLE_OBJC_ARC = YES;
				CLANG_ENABLE_OBJC_WEAK = YES;
				CLANG_WARN_BLOCK_CAPTURE_AUTORELEASING = YES;
				CLANG_WARN_BOOL_CONVERSION = YES;
				CLANG_WARN_COMMA = YES;
				CLANG_WARN_CONSTANT_CONVERSION = YES;
				CLANG_WARN_DEPRECATED_OBJC_IMPLEMENTATIONS = YES;
				CLANG_WARN_DIRECT_OBJC_ISA_USAGE = YES_ERROR;
				CLANG_WARN_DOCUMENTATION_COMMENTS = YES;
				CLANG_WARN_EMPTY_BODY = YES;
				CLANG_WARN_ENUM_CONVERSION = YES;
				CLANG_WARN_INFINITE_RECURSION = YES;
				CLANG_WARN_INT_CONVERSION = YES;
				CLANG_WARN_NON_LITERAL_NULL_CONVERSION = YES;
				CLANG_WARN_OBJC_IMPLICIT_RETAIN_SELF = YES;
				CLANG_WARN_OBJC_LITERAL_CONVERSION = YES;
				CLANG_WARN_OBJC_ROOT_CLASS = YES_ERROR;
				CLANG_WARN_RANGE_LOOP_ANALYSIS = YES;
				CLANG_WARN_STRICT_PROTOTYPES = YES;
				CLANG_WARN_SUSPICIOUS_MOVE = YES;
				CLANG_WARN_UNGUARDED_AVAILABILITY = YES_AGGRESSIVE;
				CLANG_WARN_UNREACHABLE_CODE = YES;
				CLANG_WARN__DUPLICATE_METHOD_MATCH = YES;
				CODE_SIGN_IDENTITY = "iPhone Developer";
				COPY_PHASE_STRIP = NO;
				DEBUG_INFORMATION_FORMAT = "dwarf-with-dsym";
				ENABLE_NS_ASSERTIONS = NO;
				ENABLE_STRICT_OBJC_MSGSEND = YES;
				GCC_C_LANGUAGE_STANDARD = gnu11;
				GCC_NO_COMMON_BLOCKS = YES;
				GCC_WARN_64_TO_32_BIT_CONVERSION = YES;
				GCC_WARN_ABOUT_RETURN_TYPE = YES_ERROR;
				GCC_WARN_UNDECLARED_SELECTOR = YES;
				GCC_WARN_UNINITIALIZED_AUTOS = YES_AGGRESSIVE;
				GCC_WARN_UNUSED_FUNCTION = YES;
				GCC_WARN_UNUSED_VARIABLE = YES;
				IPHONEOS_DEPLOYMENT_TARGET = 12.1;
				MTL_ENABLE_DEBUG_INFO = NO;
				MTL_FAST_MATH = YES;
				SDKROOT = iphoneos;
				SWIFT_COMPILATION_MODE = wholemodule;
				SWIFT_OPTIMIZATION_LEVEL = "-O";
				VALIDATE_PRODUCT = YES;
			};
			name = Release;
		};
		BF8EDE8A21EDBEB2007EAB28 /* Debug */ = {
			isa = XCBuildConfiguration;
			buildSettings = {
				ASSETCATALOG_COMPILER_APPICON_NAME = AppIcon;
				CODE_SIGN_STYLE = Automatic;
				INFOPLIST_FILE = ABCEngineering/Info.plist;
				LD_RUNPATH_SEARCH_PATHS = (
					"$(inherited)",
					"@executable_path/Frameworks",
				);
				PRODUCT_BUNDLE_IDENTIFIER = au.net.abc.ABCEngineering;
				PRODUCT_NAME = "$(TARGET_NAME)";
				SWIFT_VERSION = 4.2;
				TARGETED_DEVICE_FAMILY = "1,2";
			};
			name = Debug;
		};
		BF8EDE8B21EDBEB2007EAB28 /* Release */ = {
			isa = XCBuildConfiguration;
			buildSettings = {
				ASSETCATALOG_COMPILER_APPICON_NAME = AppIcon;
				CODE_SIGN_STYLE = Automatic;
				INFOPLIST_FILE = ABCEngineering/Info.plist;
				LD_RUNPATH_SEARCH_PATHS = (
					"$(inherited)",
					"@executable_path/Frameworks",
				);
				PRODUCT_BUNDLE_IDENTIFIER = au.net.abc.ABCEngineering;
				PRODUCT_NAME = "$(TARGET_NAME)";
				SWIFT_VERSION = 4.2;
				TARGETED_DEVICE_FAMILY = "1,2";
			};
			name = Release;
		};
		BF8EDE8D21EDBEB2007EAB28 /* Debug */ = {
			isa = XCBuildConfiguration;
			buildSettings = {
				ALWAYS_EMBED_SWIFT_STANDARD_LIBRARIES = YES;
				BUNDLE_LOADER = "$(TEST_HOST)";
				CODE_SIGN_STYLE = Automatic;
				INFOPLIST_FILE = ABCEngineeringTests/Info.plist;
				LD_RUNPATH_SEARCH_PATHS = (
					"$(inherited)",
					"@executable_path/Frameworks",
					"@loader_path/Frameworks",
				);
				PRODUCT_BUNDLE_IDENTIFIER = au.net.abc.ABCEngineeringTests;
				PRODUCT_NAME = "$(TARGET_NAME)";
				SWIFT_VERSION = 4.2;
				TARGETED_DEVICE_FAMILY = "1,2";
				TEST_HOST = "$(BUILT_PRODUCTS_DIR)/ABCEngineering.app/ABCEngineering";
			};
			name = Debug;
		};
		BF8EDE8E21EDBEB2007EAB28 /* Release */ = {
			isa = XCBuildConfiguration;
			buildSettings = {
				ALWAYS_EMBED_SWIFT_STANDARD_LIBRARIES = YES;
				BUNDLE_LOADER = "$(TEST_HOST)";
				CODE_SIGN_STYLE = Automatic;
				INFOPLIST_FILE = ABCEngineeringTests/Info.plist;
				LD_RUNPATH_SEARCH_PATHS = (
					"$(inherited)",
					"@executable_path/Frameworks",
					"@loader_path/Frameworks",
				);
				PRODUCT_BUNDLE_IDENTIFIER = au.net.abc.ABCEngineeringTests;
				PRODUCT_NAME = "$(TARGET_NAME)";
				SWIFT_VERSION = 4.2;
				TARGETED_DEVICE_FAMILY = "1,2";
				TEST_HOST = "$(BUILT_PRODUCTS_DIR)/ABCEngineering.app/ABCEngineering";
			};
			name = Release;
		};
		BF8EDE9021EDBEB2007EAB28 /* Debug */ = {
			isa = XCBuildConfiguration;
			buildSettings = {
				ALWAYS_EMBED_SWIFT_STANDARD_LIBRARIES = YES;
				CLANG_ENABLE_MODULES = YES;
				CODE_SIGN_STYLE = Automatic;
				INFOPLIST_FILE = ABCEngineeringUITests/Info.plist;
				LD_RUNPATH_SEARCH_PATHS = (
					"$(inherited)",
					"@executable_path/Frameworks",
					"@loader_path/Frameworks",
				);
				PRODUCT_BUNDLE_IDENTIFIER = au.net.abc.ABCEngineeringUITests;
				PRODUCT_NAME = "$(TARGET_NAME)";
				SWIFT_OPTIMIZATION_LEVEL = "-Onone";
				SWIFT_VERSION = 4.2;
				TARGETED_DEVICE_FAMILY = "1,2";
				TEST_TARGET_NAME = ABCEngineering;
			};
			name = Debug;
		};
		BF8EDE9121EDBEB2007EAB28 /* Release */ = {
			isa = XCBuildConfiguration;
			buildSettings = {
				ALWAYS_EMBED_SWIFT_STANDARD_LIBRARIES = YES;
				CLANG_ENABLE_MODULES = YES;
				CODE_SIGN_STYLE = Automatic;
				INFOPLIST_FILE = ABCEngineeringUITests/Info.plist;
				LD_RUNPATH_SEARCH_PATHS = (
					"$(inherited)",
					"@executable_path/Frameworks",
					"@loader_path/Frameworks",
				);
				PRODUCT_BUNDLE_IDENTIFIER = au.net.abc.ABCEngineeringUITests;
				PRODUCT_NAME = "$(TARGET_NAME)";
				SWIFT_VERSION = 4.2;
				TARGETED_DEVICE_FAMILY = "1,2";
				TEST_TARGET_NAME = ABCEngineering;
			};
			name = Release;
		};
/* End XCBuildConfiguration section */

/* Begin XCConfigurationList section */
		BF8EDE5C21EDBEB1007EAB28 /* Build configuration list for PBXProject "ABCEngineering" */ = {
			isa = XCConfigurationList;
			buildConfigurations = (
				BF8EDE8721EDBEB2007EAB28 /* Debug */,
				BF8EDE8821EDBEB2007EAB28 /* Release */,
			);
			defaultConfigurationIsVisible = 0;
			defaultConfigurationName = Release;
		};
		BF8EDE8921EDBEB2007EAB28 /* Build configuration list for PBXNativeTarget "ABCEngineering" */ = {
			isa = XCConfigurationList;
			buildConfigurations = (
				BF8EDE8A21EDBEB2007EAB28 /* Debug */,
				BF8EDE8B21EDBEB2007EAB28 /* Release */,
			);
			defaultConfigurationIsVisible = 0;
			defaultConfigurationName = Release;
		};
		BF8EDE8C21EDBEB2007EAB28 /* Build configuration list for PBXNativeTarget "ABCEngineeringTests" */ = {
			isa = XCConfigurationList;
			buildConfigurations = (
				BF8EDE8D21EDBEB2007EAB28 /* Debug */,
				BF8EDE8E21EDBEB2007EAB28 /* Release */,
			);
			defaultConfigurationIsVisible = 0;
			defaultConfigurationName = Release;
		};
		BF8EDE8F21EDBEB2007EAB28 /* Build configuration list for PBXNativeTarget "ABCEngineeringUITests" */ = {
			isa = XCConfigurationList;
			buildConfigurations = (
				BF8EDE9021EDBEB2007EAB28 /* Debug */,
				BF8EDE9121EDBEB2007EAB28 /* Release */,
			);
			defaultConfigurationIsVisible = 0;
			defaultConfigurationName = Release;
		};
/* End XCConfigurationList section */
	};
	rootObject = BF8EDE5921EDBEB1007EAB28 /* Project object */;
}
